
Microsoft Visual Studio Solution File, Format Version 12.00
# Visual Studio Version 17
VisualStudioVersion = 17.8.34408.163
MinimumVisualStudioVersion = 10.0.40219.1
Project("{9A19103F-16F7-4668-BE54-9A1E7A4F7556}") = "ACT1CreateAPersonObject", "ACT1CreateAPersonObject\ACT1CreateAPersonObject.csproj", "{85EF4137-DEE7-4338-8AE0-E238B128DD26}"
EndProject
Project("{9A19103F-16F7-4668-BE54-9A1E7A4F7556}") = "ACT2CreateThreeObjects", "ACT2CreateThreeObjects\ACT2CreateThreeObjects.csproj", "{26A47AFB-964C-435A-A3EB-4ADD559B2DF7}"
EndProject
Project("{9A19103F-16F7-4668-BE54-9A1E7A4F7556}") = "ACT3MakeABike", "ACT3MakeABike\ACT3MakeABike.csproj", "{FD9ABF62-2C07-4190-99CF-404944DFF017}"
EndProject
Project("{9A19103F-16F7-4668-BE54-9A1E7A4F7556}") = "ACT4MakeACat", "ACT4MakeACat\ACT4MakeACat.csproj", "{BE6D2A66-8AAA-4D16-A16F-FC63F7B5C61D}"
EndProject
Project("{FAE04EC0-301F-11D3-BF4B-00C04F79EFBC}") = "ACT16PaymentCard", "ACT16PaymentCard\ACT16PaymentCard.csproj", "{13C10895-5323-4340-9218-325F87501F19}"
EndProject
Global
	GlobalSection(SolutionConfigurationPlatforms) = preSolution
		Debug|Any CPU = Debug|Any CPU
		Release|Any CPU = Release|Any CPU
	EndGlobalSection
	GlobalSection(ProjectConfigurationPlatforms) = postSolution
		{85EF4137-DEE7-4338-8AE0-E238B128DD26}.Debug|Any CPU.ActiveCfg = Debug|Any CPU
		{85EF4137-DEE7-4338-8AE0-E238B128DD26}.Debug|Any CPU.Build.0 = Debug|Any CPU
		{85EF4137-DEE7-4338-8AE0-E238B128DD26}.Release|Any CPU.ActiveCfg = Release|Any CPU
		{85EF4137-DEE7-4338-8AE0-E238B128DD26}.Release|Any CPU.Build.0 = Release|Any CPU
		{26A47AFB-964C-435A-A3EB-4ADD559B2DF7}.Debug|Any CPU.ActiveCfg = Debug|Any CPU
		{26A47AFB-964C-435A-A3EB-4ADD559B2DF7}.Debug|Any CPU.Build.0 = Debug|Any CPU
		{26A47AFB-964C-435A-A3EB-4ADD559B2DF7}.Release|Any CPU.ActiveCfg = Release|Any CPU
		{26A47AFB-964C-435A-A3EB-4ADD559B2DF7}.Release|Any CPU.Build.0 = Release|Any CPU
		{FD9ABF62-2C07-4190-99CF-404944DFF017}.Debug|Any CPU.ActiveCfg = Debug|Any CPU
		{FD9ABF62-2C07-4190-99CF-404944DFF017}.Debug|Any CPU.Build.0 = Debug|Any CPU
		{FD9ABF62-2C07-4190-99CF-404944DFF017}.Release|Any CPU.ActiveCfg = Release|Any CPU
		{FD9ABF62-2C07-4190-99CF-404944DFF017}.Release|Any CPU.Build.0 = Release|Any CPU
		{BE6D2A66-8AAA-4D16-A16F-FC63F7B5C61D}.Debug|Any CPU.ActiveCfg = Debug|Any CPU
		{BE6D2A66-8AAA-4D16-A16F-FC63F7B5C61D}.Debug|Any CPU.Build.0 = Debug|Any CPU
		{BE6D2A66-8AAA-4D16-A16F-FC63F7B5C61D}.Release|Any CPU.ActiveCfg = Release|Any CPU
		{BE6D2A66-8AAA-4D16-A16F-FC63F7B5C61D}.Release|Any CPU.Build.0 = Release|Any CPU
		{13C10895-5323-4340-9218-325F87501F19}.Debug|Any CPU.ActiveCfg = Debug|Any CPU
		{13C10895-5323-4340-9218-325F87501F19}.Debug|Any CPU.Build.0 = Debug|Any CPU
		{13C10895-5323-4340-9218-325F87501F19}.Release|Any CPU.ActiveCfg = Release|Any CPU
		{13C10895-5323-4340-9218-325F87501F19}.Release|Any CPU.Build.0 = Release|Any CPU
	EndGlobalSection
	GlobalSection(SolutionProperties) = preSolution
		HideSolutionNode = FALSE
	EndGlobalSection
	GlobalSection(ExtensibilityGlobals) = postSolution
		SolutionGuid = {76483B4F-3689-48CC-AF06-95F696F9A172}
	EndGlobalSection
EndGlobal
